// !$*UTF8*$!
{
	archiveVersion = 1;
	classes = {
	};
	objectVersion = 56;
	objects = {

/* Begin PBXBuildFile section */
		DA451048416D77370FC39AF3 /* libPods-UIComponents.a in Frameworks */ = {isa = PBXBuildFile; fileRef = BE6C712DE76F2B63507F4C98 /* libPods-UIComponents.a */; };
		F04C58B12A1B895700C28ABC /* ReusableView.swift in Sources */ = {isa = PBXBuildFile; fileRef = F04C58B02A1B895700C28ABC /* ReusableView.swift */; };
		F04C58B42A1B8D0B00C28ABC /* UICollectionView+Extensions.swift in Sources */ = {isa = PBXBuildFile; fileRef = F04C58B32A1B8D0B00C28ABC /* UICollectionView+Extensions.swift */; };
		F04C58B62A1B9A8F00C28ABC /* String+Extensions.swift in Sources */ = {isa = PBXBuildFile; fileRef = F04C58B52A1B9A8F00C28ABC /* String+Extensions.swift */; };
		F0910BAC2A0EE186003FC001 /* UIComponents.framework in Frameworks */ = {isa = PBXBuildFile; fileRef = F0910BA32A0EE185003FC001 /* UIComponents.framework */; };
		F0910BB12A0EE186003FC001 /* UIComponentsTests.swift in Sources */ = {isa = PBXBuildFile; fileRef = F0910BB02A0EE186003FC001 /* UIComponentsTests.swift */; };
		F0910BB22A0EE186003FC001 /* UIComponents.h in Headers */ = {isa = PBXBuildFile; fileRef = F0910BA62A0EE185003FC001 /* UIComponents.h */; settings = {ATTRIBUTES = (Public, ); }; };
		F0910C1C2A0EEF22003FC001 /* LoadingView.swift in Sources */ = {isa = PBXBuildFile; fileRef = F0910C1B2A0EEF22003FC001 /* LoadingView.swift */; };
		F0AB19E72A142F30003F1F12 /* CategoriesCellModel.swift in Sources */ = {isa = PBXBuildFile; fileRef = F0AB19E62A142F30003F1F12 /* CategoriesCellModel.swift */; };
		F0AB19E92A142F45003F1F12 /* CategoriesCell.swift in Sources */ = {isa = PBXBuildFile; fileRef = F0AB19E82A142F45003F1F12 /* CategoriesCell.swift */; };
/* End PBXBuildFile section */

/* Begin PBXContainerItemProxy section */
		F0910BAD2A0EE186003FC001 /* PBXContainerItemProxy */ = {
			isa = PBXContainerItemProxy;
			containerPortal = F0910B9A2A0EE185003FC001 /* Project object */;
			proxyType = 1;
			remoteGlobalIDString = F0910BA22A0EE185003FC001;
			remoteInfo = UIComponents;
		};
/* End PBXContainerItemProxy section */

/* Begin PBXFileReference section */
		823712CC67EE231B3D0A473E /* Pods-UIComponents.debug.xcconfig */ = {isa = PBXFileReference; includeInIndex = 1; lastKnownFileType = text.xcconfig; name = "Pods-UIComponents.debug.xcconfig"; path = "Target Support Files/Pods-UIComponents/Pods-UIComponents.debug.xcconfig"; sourceTree = "<group>"; };
		933FA989E53E9397BAD561BF /* Pods-UIComponents.release.xcconfig */ = {isa = PBXFileReference; includeInIndex = 1; lastKnownFileType = text.xcconfig; name = "Pods-UIComponents.release.xcconfig"; path = "Target Support Files/Pods-UIComponents/Pods-UIComponents.release.xcconfig"; sourceTree = "<group>"; };
		BE6C712DE76F2B63507F4C98 /* libPods-UIComponents.a */ = {isa = PBXFileReference; explicitFileType = archive.ar; includeInIndex = 0; path = "libPods-UIComponents.a"; sourceTree = BUILT_PRODUCTS_DIR; };
		F04C58B02A1B895700C28ABC /* ReusableView.swift */ = {isa = PBXFileReference; lastKnownFileType = sourcecode.swift; path = ReusableView.swift; sourceTree = "<group>"; };
		F04C58B32A1B8D0B00C28ABC /* UICollectionView+Extensions.swift */ = {isa = PBXFileReference; lastKnownFileType = sourcecode.swift; path = "UICollectionView+Extensions.swift"; sourceTree = "<group>"; };
		F04C58B52A1B9A8F00C28ABC /* String+Extensions.swift */ = {isa = PBXFileReference; lastKnownFileType = sourcecode.swift; path = "String+Extensions.swift"; sourceTree = "<group>"; };
		F0910BA32A0EE185003FC001 /* UIComponents.framework */ = {isa = PBXFileReference; explicitFileType = wrapper.framework; includeInIndex = 0; path = UIComponents.framework; sourceTree = BUILT_PRODUCTS_DIR; };
		F0910BA62A0EE185003FC001 /* UIComponents.h */ = {isa = PBXFileReference; lastKnownFileType = sourcecode.c.h; path = UIComponents.h; sourceTree = "<group>"; };
		F0910BAB2A0EE186003FC001 /* UIComponentsTests.xctest */ = {isa = PBXFileReference; explicitFileType = wrapper.cfbundle; includeInIndex = 0; path = UIComponentsTests.xctest; sourceTree = BUILT_PRODUCTS_DIR; };
		F0910BB02A0EE186003FC001 /* UIComponentsTests.swift */ = {isa = PBXFileReference; lastKnownFileType = sourcecode.swift; path = UIComponentsTests.swift; sourceTree = "<group>"; };
		F0910C1B2A0EEF22003FC001 /* LoadingView.swift */ = {isa = PBXFileReference; lastKnownFileType = sourcecode.swift; path = LoadingView.swift; sourceTree = "<group>"; };
		F0910C1D2A0EEF76003FC001 /* Lottie.framework */ = {isa = PBXFileReference; explicitFileType = wrapper.framework; path = Lottie.framework; sourceTree = BUILT_PRODUCTS_DIR; };
		F0AB19E62A142F30003F1F12 /* CategoriesCellModel.swift */ = {isa = PBXFileReference; lastKnownFileType = sourcecode.swift; path = CategoriesCellModel.swift; sourceTree = "<group>"; };
		F0AB19E82A142F45003F1F12 /* CategoriesCell.swift */ = {isa = PBXFileReference; lastKnownFileType = sourcecode.swift; path = CategoriesCell.swift; sourceTree = "<group>"; };
/* End PBXFileReference section */

/* Begin PBXFrameworksBuildPhase section */
		F0910BA02A0EE185003FC001 /* Frameworks */ = {
			isa = PBXFrameworksBuildPhase;
			buildActionMask = 2147483647;
			files = (
				DA451048416D77370FC39AF3 /* libPods-UIComponents.a in Frameworks */,
			);
			runOnlyForDeploymentPostprocessing = 0;
		};
		F0910BA82A0EE186003FC001 /* Frameworks */ = {
			isa = PBXFrameworksBuildPhase;
			buildActionMask = 2147483647;
			files = (
				F0910BAC2A0EE186003FC001 /* UIComponents.framework in Frameworks */,
			);
			runOnlyForDeploymentPostprocessing = 0;
		};
/* End PBXFrameworksBuildPhase section */

/* Begin PBXGroup section */
		13EAF01E447474FC3CBF2CB7 /* Pods */ = {
			isa = PBXGroup;
			children = (
				823712CC67EE231B3D0A473E /* Pods-UIComponents.debug.xcconfig */,
				933FA989E53E9397BAD561BF /* Pods-UIComponents.release.xcconfig */,
			);
			name = Pods;
			path = ../Pods;
			sourceTree = "<group>";
		};
		36233401FDFBFB01F0E10660 /* Frameworks */ = {
			isa = PBXGroup;
			children = (
				F0910C1D2A0EEF76003FC001 /* Lottie.framework */,
				BE6C712DE76F2B63507F4C98 /* libPods-UIComponents.a */,
			);
			name = Frameworks;
			sourceTree = "<group>";
		};
		F04C58AF2A1B894200C28ABC /* Protocol */ = {
			isa = PBXGroup;
			children = (
				F04C58B02A1B895700C28ABC /* ReusableView.swift */,
			);
			path = Protocol;
			sourceTree = "<group>";
		};
		F04C58B22A1B8CFB00C28ABC /* Extensions */ = {
			isa = PBXGroup;
			children = (
				F04C58B32A1B8D0B00C28ABC /* UICollectionView+Extensions.swift */,
				F04C58B52A1B9A8F00C28ABC /* String+Extensions.swift */,
			);
			path = Extensions;
			sourceTree = "<group>";
		};
		F0910B992A0EE185003FC001 = {
			isa = PBXGroup;
			children = (
				F0910BA52A0EE185003FC001 /* UIComponents */,
				F0910BAF2A0EE186003FC001 /* UIComponentsTests */,
				F0910BA42A0EE185003FC001 /* Products */,
				13EAF01E447474FC3CBF2CB7 /* Pods */,
				36233401FDFBFB01F0E10660 /* Frameworks */,
			);
			sourceTree = "<group>";
		};
		F0910BA42A0EE185003FC001 /* Products */ = {
			isa = PBXGroup;
			children = (
				F0910BA32A0EE185003FC001 /* UIComponents.framework */,
				F0910BAB2A0EE186003FC001 /* UIComponentsTests.xctest */,
			);
			name = Products;
			sourceTree = "<group>";
		};
		F0910BA52A0EE185003FC001 /* UIComponents */ = {
			isa = PBXGroup;
			children = (
				F04C58B22A1B8CFB00C28ABC /* Extensions */,
				F04C58AF2A1B894200C28ABC /* Protocol */,
				F0AB19E52A142F03003F1F12 /* Cell */,
				F0910C1A2A0EEF15003FC001 /* UIView */,
				F0910BA62A0EE185003FC001 /* UIComponents.h */,
			);
			path = UIComponents;
			sourceTree = "<group>";
		};
		F0910BAF2A0EE186003FC001 /* UIComponentsTests */ = {
			isa = PBXGroup;
			children = (
				F0910BB02A0EE186003FC001 /* UIComponentsTests.swift */,
			);
			path = UIComponentsTests;
			sourceTree = "<group>";
		};
		F0910C1A2A0EEF15003FC001 /* UIView */ = {
			isa = PBXGroup;
			children = (
				F0910C1B2A0EEF22003FC001 /* LoadingView.swift */,
			);
			path = UIView;
			sourceTree = "<group>";
		};
		F0AB19E52A142F03003F1F12 /* Cell */ = {
			isa = PBXGroup;
			children = (
				F0AB19E62A142F30003F1F12 /* CategoriesCellModel.swift */,
				F0AB19E82A142F45003F1F12 /* CategoriesCell.swift */,
			);
			path = Cell;
			sourceTree = "<group>";
		};
/* End PBXGroup section */

/* Begin PBXHeadersBuildPhase section */
		F0910B9E2A0EE185003FC001 /* Headers */ = {
			isa = PBXHeadersBuildPhase;
			buildActionMask = 2147483647;
			files = (
				F0910BB22A0EE186003FC001 /* UIComponents.h in Headers */,
			);
			runOnlyForDeploymentPostprocessing = 0;
		};
/* End PBXHeadersBuildPhase section */

/* Begin PBXNativeTarget section */
		F0910BA22A0EE185003FC001 /* UIComponents */ = {
			isa = PBXNativeTarget;
			buildConfigurationList = F0910BB52A0EE186003FC001 /* Build configuration list for PBXNativeTarget "UIComponents" */;
			buildPhases = (
				A8312A1702BF5E4E474036F4 /* [CP] Check Pods Manifest.lock */,
				F0910B9E2A0EE185003FC001 /* Headers */,
				F0910B9F2A0EE185003FC001 /* Sources */,
				F0910BA02A0EE185003FC001 /* Frameworks */,
				F0910BA12A0EE185003FC001 /* Resources */,
			);
			buildRules = (
			);
			dependencies = (
			);
			name = UIComponents;
			productName = UIComponents;
			productReference = F0910BA32A0EE185003FC001 /* UIComponents.framework */;
			productType = "com.apple.product-type.framework";
		};
		F0910BAA2A0EE186003FC001 /* UIComponentsTests */ = {
			isa = PBXNativeTarget;
			buildConfigurationList = F0910BB82A0EE186003FC001 /* Build configuration list for PBXNativeTarget "UIComponentsTests" */;
			buildPhases = (
				F0910BA72A0EE186003FC001 /* Sources */,
				F0910BA82A0EE186003FC001 /* Frameworks */,
				F0910BA92A0EE186003FC001 /* Resources */,
			);
			buildRules = (
			);
			dependencies = (
				F0910BAE2A0EE186003FC001 /* PBXTargetDependency */,
			);
			name = UIComponentsTests;
			productName = UIComponentsTests;
			productReference = F0910BAB2A0EE186003FC001 /* UIComponentsTests.xctest */;
			productType = "com.apple.product-type.bundle.unit-test";
		};
/* End PBXNativeTarget section */

/* Begin PBXProject section */
		F0910B9A2A0EE185003FC001 /* Project object */ = {
			isa = PBXProject;
			attributes = {
				BuildIndependentTargetsInParallel = 1;
				LastSwiftUpdateCheck = 1400;
				LastUpgradeCheck = 1400;
				TargetAttributes = {
					F0910BA22A0EE185003FC001 = {
						CreatedOnToolsVersion = 14.0;
						LastSwiftMigration = 1400;
					};
					F0910BAA2A0EE186003FC001 = {
						CreatedOnToolsVersion = 14.0;
					};
				};
			};
			buildConfigurationList = F0910B9D2A0EE185003FC001 /* Build configuration list for PBXProject "UIComponents" */;
			compatibilityVersion = "Xcode 14.0";
			developmentRegion = en;
			hasScannedForEncodings = 0;
			knownRegions = (
				en,
				Base,
			);
			mainGroup = F0910B992A0EE185003FC001;
			productRefGroup = F0910BA42A0EE185003FC001 /* Products */;
			projectDirPath = "";
			projectRoot = "";
			targets = (
				F0910BA22A0EE185003FC001 /* UIComponents */,
				F0910BAA2A0EE186003FC001 /* UIComponentsTests */,
			);
		};
/* End PBXProject section */

/* Begin PBXResourcesBuildPhase section */
		F0910BA12A0EE185003FC001 /* Resources */ = {
			isa = PBXResourcesBuildPhase;
			buildActionMask = 2147483647;
			files = (
			);
			runOnlyForDeploymentPostprocessing = 0;
		};
		F0910BA92A0EE186003FC001 /* Resources */ = {
			isa = PBXResourcesBuildPhase;
			buildActionMask = 2147483647;
			files = (
			);
			runOnlyForDeploymentPostprocessing = 0;
		};
/* End PBXResourcesBuildPhase section */

/* Begin PBXShellScriptBuildPhase section */
		A8312A1702BF5E4E474036F4 /* [CP] Check Pods Manifest.lock */ = {
			isa = PBXShellScriptBuildPhase;
			buildActionMask = 2147483647;
			files = (
			);
			inputFileListPaths = (
			);
			inputPaths = (
				"${PODS_PODFILE_DIR_PATH}/Podfile.lock",
				"${PODS_ROOT}/Manifest.lock",
			);
			name = "[CP] Check Pods Manifest.lock";
			outputFileListPaths = (
			);
			outputPaths = (
				"$(DERIVED_FILE_DIR)/Pods-UIComponents-checkManifestLockResult.txt",
			);
			runOnlyForDeploymentPostprocessing = 0;
			shellPath = /bin/sh;
			shellScript = "diff \"${PODS_PODFILE_DIR_PATH}/Podfile.lock\" \"${PODS_ROOT}/Manifest.lock\" > /dev/null\nif [ $? != 0 ] ; then\n    # print error to STDERR\n    echo \"error: The sandbox is not in sync with the Podfile.lock. Run 'pod install' or update your CocoaPods installation.\" >&2\n    exit 1\nfi\n# This output is used by Xcode 'outputs' to avoid re-running this script phase.\necho \"SUCCESS\" > \"${SCRIPT_OUTPUT_FILE_0}\"\n";
			showEnvVarsInLog = 0;
		};
/* End PBXShellScriptBuildPhase section */

/* Begin PBXSourcesBuildPhase section */
		F0910B9F2A0EE185003FC001 /* Sources */ = {
			isa = PBXSourcesBuildPhase;
			buildActionMask = 2147483647;
			files = (
				F0AB19E92A142F45003F1F12 /* CategoriesCell.swift in Sources */,
				F0910C1C2A0EEF22003FC001 /* LoadingView.swift in Sources */,
				F04C58B42A1B8D0B00C28ABC /* UICollectionView+Extensions.swift in Sources */,
				F0AB19E72A142F30003F1F12 /* CategoriesCellModel.swift in Sources */,
				F04C58B62A1B9A8F00C28ABC /* String+Extensions.swift in Sources */,
				F04C58B12A1B895700C28ABC /* ReusableView.swift in Sources */,
			);
			runOnlyForDeploymentPostprocessing = 0;
		};
		F0910BA72A0EE186003FC001 /* Sources */ = {
			isa = PBXSourcesBuildPhase;
			buildActionMask = 2147483647;
			files = (
				F0910BB12A0EE186003FC001 /* UIComponentsTests.swift in Sources */,
			);
			runOnlyForDeploymentPostprocessing = 0;
		};
/* End PBXSourcesBuildPhase section */

/* Begin PBXTargetDependency section */
		F0910BAE2A0EE186003FC001 /* PBXTargetDependency */ = {
			isa = PBXTargetDependency;
			target = F0910BA22A0EE185003FC001 /* UIComponents */;
			targetProxy = F0910BAD2A0EE186003FC001 /* PBXContainerItemProxy */;
		};
/* End PBXTargetDependency section */

/* Begin XCBuildConfiguration section */
		F0910BB32A0EE186003FC001 /* Debug */ = {
			isa = XCBuildConfiguration;
			buildSettings = {
				ALWAYS_SEARCH_USER_PATHS = NO;
				CLANG_ANALYZER_NONNULL = YES;
				CLANG_ANALYZER_NUMBER_OBJECT_CONVERSION = YES_AGGRESSIVE;
				CLANG_CXX_LANGUAGE_STANDARD = "gnu++20";
				CLANG_ENABLE_MODULES = YES;
				CLANG_ENABLE_OBJC_ARC = YES;
				CLANG_ENABLE_OBJC_WEAK = YES;
				CLANG_WARN_BLOCK_CAPTURE_AUTORELEASING = YES;
				CLANG_WARN_BOOL_CONVERSION = YES;
				CLANG_WARN_COMMA = YES;
				CLANG_WARN_CONSTANT_CONVERSION = YES;
				CLANG_WARN_DEPRECATED_OBJC_IMPLEMENTATIONS = YES;
				CLANG_WARN_DIRECT_OBJC_ISA_USAGE = YES_ERROR;
				CLANG_WARN_DOCUMENTATION_COMMENTS = YES;
				CLANG_WARN_EMPTY_BODY = YES;
				CLANG_WARN_ENUM_CONVERSION = YES;
				CLANG_WARN_INFINITE_RECURSION = YES;
				CLANG_WARN_INT_CONVERSION = YES;
				CLANG_WARN_NON_LITERAL_NULL_CONVERSION = YES;
				CLANG_WARN_OBJC_IMPLICIT_RETAIN_SELF = YES;
				CLANG_WARN_OBJC_LITERAL_CONVERSION = YES;
				CLANG_WARN_OBJC_ROOT_CLASS = YES_ERROR;
				CLANG_WARN_QUOTED_INCLUDE_IN_FRAMEWORK_HEADER = YES;
				CLANG_WARN_RANGE_LOOP_ANALYSIS = YES;
				CLANG_WARN_STRICT_PROTOTYPES = YES;
				CLANG_WARN_SUSPICIOUS_MOVE = YES;
				CLANG_WARN_UNGUARDED_AVAILABILITY = YES_AGGRESSIVE;
				CLANG_WARN_UNREACHABLE_CODE = YES;
				CLANG_WARN__DUPLICATE_METHOD_MATCH = YES;
				COPY_PHASE_STRIP = NO;
				CURRENT_PROJECT_VERSION = 1;
				DEBUG_INFORMATION_FORMAT = dwarf;
				ENABLE_STRICT_OBJC_MSGSEND = YES;
				ENABLE_TESTABILITY = YES;
				GCC_C_LANGUAGE_STANDARD = gnu11;
				GCC_DYNAMIC_NO_PIC = NO;
				GCC_NO_COMMON_BLOCKS = YES;
				GCC_OPTIMIZATION_LEVEL = 0;
				GCC_PREPROCESSOR_DEFINITIONS = (
					"DEBUG=1",
					"$(inherited)",
				);
				GCC_WARN_64_TO_32_BIT_CONVERSION = YES;
				GCC_WARN_ABOUT_RETURN_TYPE = YES_ERROR;
				GCC_WARN_UNDECLARED_SELECTOR = YES;
				GCC_WARN_UNINITIALIZED_AUTOS = YES_AGGRESSIVE;
				GCC_WARN_UNUSED_FUNCTION = YES;
				GCC_WARN_UNUSED_VARIABLE = YES;
				IPHONEOS_DEPLOYMENT_TARGET = 16.0;
				MTL_ENABLE_DEBUG_INFO = INCLUDE_SOURCE;
				MTL_FAST_MATH = YES;
				ONLY_ACTIVE_ARCH = YES;
				SDKROOT = iphoneos;
				SWIFT_ACTIVE_COMPILATION_CONDITIONS = DEBUG;
				SWIFT_OPTIMIZATION_LEVEL = "-Onone";
				VERSIONING_SYSTEM = "apple-generic";
				VERSION_INFO_PREFIX = "";
			};
			name = Debug;
		};
		F0910BB42A0EE186003FC001 /* Release */ = {
			isa = XCBuildConfiguration;
			buildSettings = {
				ALWAYS_SEARCH_USER_PATHS = NO;
				CLANG_ANALYZER_NONNULL = YES;
				CLANG_ANALYZER_NUMBER_OBJECT_CONVERSION = YES_AGGRESSIVE;
				CLANG_CXX_LANGUAGE_STANDARD = "gnu++20";
				CLANG_ENABLE_MODULES = YES;
				CLANG_ENABLE_OBJC_ARC = YES;
				CLANG_ENABLE_OBJC_WEAK = YES;
				CLANG_WARN_BLOCK_CAPTURE_AUTORELEASING = YES;
				CLANG_WARN_BOOL_CONVERSION = YES;
				CLANG_WARN_COMMA = YES;
				CLANG_WARN_CONSTANT_CONVERSION = YES;
				CLANG_WARN_DEPRECATED_OBJC_IMPLEMENTATIONS = YES;
				CLANG_WARN_DIRECT_OBJC_ISA_USAGE = YES_ERROR;
				CLANG_WARN_DOCUMENTATION_COMMENTS = YES;
				CLANG_WARN_EMPTY_BODY = YES;
				CLANG_WARN_ENUM_CONVERSION = YES;
				CLANG_WARN_INFINITE_RECURSION = YES;
				CLANG_WARN_INT_CONVERSION = YES;
				CLANG_WARN_NON_LITERAL_NULL_CONVERSION = YES;
				CLANG_WARN_OBJC_IMPLICIT_RETAIN_SELF = YES;
				CLANG_WARN_OBJC_LITERAL_CONVERSION = YES;
				CLANG_WARN_OBJC_ROOT_CLASS = YES_ERROR;
				CLANG_WARN_QUOTED_INCLUDE_IN_FRAMEWORK_HEADER = YES;
				CLANG_WARN_RANGE_LOOP_ANALYSIS = YES;
				CLANG_WARN_STRICT_PROTOTYPES = YES;
				CLANG_WARN_SUSPICIOUS_MOVE = YES;
				CLANG_WARN_UNGUARDED_AVAILABILITY = YES_AGGRESSIVE;
				CLANG_WARN_UNREACHABLE_CODE = YES;
				CLANG_WARN__DUPLICATE_METHOD_MATCH = YES;
				COPY_PHASE_STRIP = NO;
				CURRENT_PROJECT_VERSION = 1;
				DEBUG_INFORMATION_FORMAT = "dwarf-with-dsym";
				ENABLE_NS_ASSERTIONS = NO;
				ENABLE_STRICT_OBJC_MSGSEND = YES;
				GCC_C_LANGUAGE_STANDARD = gnu11;
				GCC_NO_COMMON_BLOCKS = YES;
				GCC_WARN_64_TO_32_BIT_CONVERSION = YES;
				GCC_WARN_ABOUT_RETURN_TYPE = YES_ERROR;
				GCC_WARN_UNDECLARED_SELECTOR = YES;
				GCC_WARN_UNINITIALIZED_AUTOS = YES_AGGRESSIVE;
				GCC_WARN_UNUSED_FUNCTION = YES;
				GCC_WARN_UNUSED_VARIABLE = YES;
				IPHONEOS_DEPLOYMENT_TARGET = 16.0;
				MTL_ENABLE_DEBUG_INFO = NO;
				MTL_FAST_MATH = YES;
				SDKROOT = iphoneos;
				SWIFT_COMPILATION_MODE = wholemodule;
				SWIFT_OPTIMIZATION_LEVEL = "-O";
				VALIDATE_PRODUCT = YES;
				VERSIONING_SYSTEM = "apple-generic";
				VERSION_INFO_PREFIX = "";
			};
			name = Release;
		};
		F0910BB62A0EE186003FC001 /* Debug */ = {
			isa = XCBuildConfiguration;
			baseConfigurationReference = 823712CC67EE231B3D0A473E /* Pods-UIComponents.debug.xcconfig */;
			buildSettings = {
				CLANG_ENABLE_MODULES = YES;
				CODE_SIGN_STYLE = Automatic;
				CURRENT_PROJECT_VERSION = 1;
				DEFINES_MODULE = YES;
				DEVELOPMENT_TEAM = H5U3VZFY2A;
				DYLIB_COMPATIBILITY_VERSION = 1;
				DYLIB_CURRENT_VERSION = 1;
				DYLIB_INSTALL_NAME_BASE = "@rpath";
				GENERATE_INFOPLIST_FILE = YES;
				INFOPLIST_KEY_NSHumanReadableCopyright = "";
				INSTALL_PATH = "$(LOCAL_LIBRARY_DIR)/Frameworks";
				LD_RUNPATH_SEARCH_PATHS = (
					"$(inherited)",
					"@executable_path/Frameworks",
					"@loader_path/Frameworks",
				);
				MARKETING_VERSION = 1.0;
				PRODUCT_BUNDLE_IDENTIFIER = com.cihanios.UIComponents;
				PRODUCT_NAME = "$(TARGET_NAME:c99extidentifier)";
				SKIP_INSTALL = YES;
				SWIFT_EMIT_LOC_STRINGS = YES;
				SWIFT_OPTIMIZATION_LEVEL = "-Onone";
				SWIFT_VERSION = 5.0;
				TARGETED_DEVICE_FAMILY = "1,2";
			};
			name = Debug;
		};
		F0910BB72A0EE186003FC001 /* Release */ = {
			isa = XCBuildConfiguration;
			baseConfigurationReference = 933FA989E53E9397BAD561BF /* Pods-UIComponents.release.xcconfig */;
			buildSettings = {
				CLANG_ENABLE_MODULES = YES;
				CODE_SIGN_STYLE = Automatic;
				CURRENT_PROJECT_VERSION = 1;
				DEFINES_MODULE = YES;
				DEVELOPMENT_TEAM = H5U3VZFY2A;
				DYLIB_COMPATIBILITY_VERSION = 1;
				DYLIB_CURRENT_VERSION = 1;
				DYLIB_INSTALL_NAME_BASE = "@rpath";
				GENERATE_INFOPLIST_FILE = YES;
				INFOPLIST_KEY_NSHumanReadableCopyright = "";
				INSTALL_PATH = "$(LOCAL_LIBRARY_DIR)/Frameworks";
				LD_RUNPATH_SEARCH_PATHS = (
					"$(inherited)",
					"@executable_path/Frameworks",
					"@loader_path/Frameworks",
				);
				MARKETING_VERSION = 1.0;
				PRODUCT_BUNDLE_IDENTIFIER = com.cihanios.UIComponents;
				PRODUCT_NAME = "$(TARGET_NAME:c99extidentifier)";
				SKIP_INSTALL = YES;
				SWIFT_EMIT_LOC_STRINGS = YES;
				SWIFT_VERSION = 5.0;
				TARGETED_DEVICE_FAMILY = "1,2";
			};
			name = Release;
		};
		F0910BB92A0EE186003FC001 /* Debug */ = {
			isa = XCBuildConfiguration;
			buildSettings = {
				ALWAYS_EMBED_SWIFT_STANDARD_LIBRARIES = YES;
				CODE_SIGN_STYLE = Automatic;
				CURRENT_PROJECT_VERSION = 1;
				DEVELOPMENT_TEAM = H5U3VZFY2A;
				GENERATE_INFOPLIST_FILE = YES;
				MARKETING_VERSION = 1.0;
				PRODUCT_BUNDLE_IDENTIFIER = com.cihanios.UIComponentsTests;
				PRODUCT_NAME = "$(TARGET_NAME)";
				SWIFT_EMIT_LOC_STRINGS = NO;
				SWIFT_VERSION = 5.0;
				TARGETED_DEVICE_FAMILY = "1,2";
			};
			name = Debug;
		};
		F0910BBA2A0EE186003FC001 /* Release */ = {
			isa = XCBuildConfiguration;
			buildSettings = {
				ALWAYS_EMBED_SWIFT_STANDARD_LIBRARIES = YES;
				CODE_SIGN_STYLE = Automatic;
				CURRENT_PROJECT_VERSION = 1;
				DEVELOPMENT_TEAM = H5U3VZFY2A;
				GENERATE_INFOPLIST_FILE = YES;
				MARKETING_VERSION = 1.0;
				PRODUCT_BUNDLE_IDENTIFIER = com.cihanios.UIComponentsTests;
				PRODUCT_NAME = "$(TARGET_NAME)";
				SWIFT_EMIT_LOC_STRINGS = NO;
				SWIFT_VERSION = 5.0;
				TARGETED_DEVICE_FAMILY = "1,2";
			};
			name = Release;
		};
/* End XCBuildConfiguration section */

/* Begin XCConfigurationList section */
		F0910B9D2A0EE185003FC001 /* Build configuration list for PBXProject "UIComponents" */ = {
			isa = XCConfigurationList;
			buildConfigurations = (
				F0910BB32A0EE186003FC001 /* Debug */,
				F0910BB42A0EE186003FC001 /* Release */,
			);
			defaultConfigurationIsVisible = 0;
			defaultConfigurationName = Release;
		};
		F0910BB52A0EE186003FC001 /* Build configuration list for PBXNativeTarget "UIComponents" */ = {
			isa = XCConfigurationList;
			buildConfigurations = (
				F0910BB62A0EE186003FC001 /* Debug */,
				F0910BB72A0EE186003FC001 /* Release */,
			);
			defaultConfigurationIsVisible = 0;
			defaultConfigurationName = Release;
		};
		F0910BB82A0EE186003FC001 /* Build configuration list for PBXNativeTarget "UIComponentsTests" */ = {
			isa = XCConfigurationList;
			buildConfigurations = (
				F0910BB92A0EE186003FC001 /* Debug */,
				F0910BBA2A0EE186003FC001 /* Release */,
			);
			defaultConfigurationIsVisible = 0;
			defaultConfigurationName = Release;
		};
/* End XCConfigurationList section */
	};
	rootObject = F0910B9A2A0EE185003FC001 /* Project object */;
}
